
Microsoft Visual Studio Solution File, Format Version 12.00
# Visual Studio Version 16
VisualStudioVersion = 16.0.810.6
MinimumVisualStudioVersion = 10.0.40219.1
Project("{FAE04EC0-301F-11D3-BF4B-00C04F79EFBC}") = "SharedGroceriesWebService", "SharedGroceriesWebService\SharedGroceriesWebService.csproj", "{A639537B-4165-4EE7-80F3-534F82248352}"
EndProject
Global
	GlobalSection(SolutionConfigurationPlatforms) = preSolution
		Debug|Any CPU = Debug|Any CPU
		Release|Any CPU = Release|Any CPU
	EndGlobalSection
	GlobalSection(ProjectConfigurationPlatforms) = postSolution
		{A639537B-4165-4EE7-80F3-534F82248352}.Debug|Any CPU.ActiveCfg = Debug|Any CPU
		{A639537B-4165-4EE7-80F3-534F82248352}.Debug|Any CPU.Build.0 = Debug|Any CPU
		{A639537B-4165-4EE7-80F3-534F82248352}.Release|Any CPU.ActiveCfg = Release|Any CPU
		{A639537B-4165-4EE7-80F3-534F82248352}.Release|Any CPU.Build.0 = Release|Any CPU
	EndGlobalSection
	GlobalSection(SolutionProperties) = preSolution
		HideSolutionNode = FALSE
	EndGlobalSection
	GlobalSection(ExtensibilityGlobals) = postSolution
		SolutionGuid = {900C427E-C7F6-44AA-B5B4-8C4283BF6779}
	EndGlobalSection
EndGlobal
